
Microsoft Visual Studio Solution File, Format Version 12.00
# Visual Studio Version 17
VisualStudioVersion = 17.0.31903.59
MinimumVisualStudioVersion = 10.0.40219.1
Project("{2150E333-8FDC-42A3-9474-1A3956D46DE8}") = "Modules", "Modules", "{CA253913-39DE-BFD0-C9A3-4B7EC6FBDF17}"
EndProject
Project("{2150E333-8FDC-42A3-9474-1A3956D46DE8}") = "Identity", "Identity", "{293C06CD-4E17-48BD-9F3B-B5ADDFFA9425}"
EndProject
Project("{FAE04EC0-301F-11D3-BF4B-00C04F79EFBC}") = "CoffeeShop.Domain.Identity", "Modules\Identity\CoffeeShop.Domain.Identity\CoffeeShop.Domain.Identity.csproj", "{3744AE9A-21DC-4857-AD36-DD0C46F1DBE7}"
EndProject
Project("{FAE04EC0-301F-11D3-BF4B-00C04F79EFBC}") = "CoffeeShop.FunctionTest.Identity", "Modules\Identity\CoffeeShop.FunctionTest.Identity\CoffeeShop.FunctionTest.Identity.csproj", "{65859A2D-95A5-4BD1-A766-99143A0BA7E2}"
EndProject
Project("{FAE04EC0-301F-11D3-BF4B-00C04F79EFBC}") = "CoffeeShop.Infrastructure.Identity", "Modules\Identity\CoffeeShop.Infrastructure.Identity\CoffeeShop.Infrastructure.Identity.csproj", "{A18CCF01-560A-4906-8E19-AC7E5216F73C}"
EndProject
Project("{FAE04EC0-301F-11D3-BF4B-00C04F79EFBC}") = "CoffeeShop.Model.Dto.Identity", "Modules\Identity\CoffeeShop.Model.Dto.Identity\CoffeeShop.Model.Dto.Identity.csproj", "{BA005145-8340-46F7-A3C7-BC02309795A2}"
EndProject
Project("{FAE04EC0-301F-11D3-BF4B-00C04F79EFBC}") = "CoffeeShop.Presentation.Identity", "Modules\Identity\CoffeeShop.Presentation.Identity\CoffeeShop.Presentation.Identity.csproj", "{2C62A109-D366-4D17-B43B-A9496EE5424C}"
EndProject
Project("{FAE04EC0-301F-11D3-BF4B-00C04F79EFBC}") = "CoffeeShop.Service.Identity", "Modules\Identity\CoffeeShop.Service.Identity\CoffeeShop.Service.Identity.csproj", "{BBE481FD-57ED-46F0-B1B0-E1FE67A1BCD2}"
EndProject
Project("{2150E333-8FDC-42A3-9474-1A3956D46DE8}") = "Application", "Application", "{7722366E-FE2E-A4FD-1BAE-E6FCA61BE685}"
EndProject
Project("{FAE04EC0-301F-11D3-BF4B-00C04F79EFBC}") = "CoffeeShop.Domain.Application", "Modules\Application\CoffeeShop.Domain.Application\CoffeeShop.Domain.Application.csproj", "{BDE9FDBD-BAA7-4E60-B8FC-CC4B32495A59}"
EndProject
Project("{FAE04EC0-301F-11D3-BF4B-00C04F79EFBC}") = "CoffeeShop.FunctionTest.Application", "Modules\Application\CoffeeShop.FunctionTest.Application\CoffeeShop.FunctionTest.Application.csproj", "{BF162D18-FE67-4551-B954-709D19B0A06E}"
EndProject
Project("{FAE04EC0-301F-11D3-BF4B-00C04F79EFBC}") = "CoffeeShop.Infrastructure.Application", "Modules\Application\CoffeeShop.Infrastructure.Application\CoffeeShop.Infrastructure.Application.csproj", "{B1827C63-D67A-4166-8702-5E8F7B89284A}"
EndProject
Project("{FAE04EC0-301F-11D3-BF4B-00C04F79EFBC}") = "CoffeeShop.Presentation.Application", "Modules\Application\CoffeeShop.Presentation.Application\CoffeeShop.Presentation.Application.csproj", "{FCBD0788-2307-4DAD-AB7C-8BCB44079BA9}"
EndProject
Project("{FAE04EC0-301F-11D3-BF4B-00C04F79EFBC}") = "CoffeeShop.Service.Application", "Modules\Application\CoffeeShop.Service.Application\CoffeeShop.Service.Application.csproj", "{769DC44F-E55E-40BC-BC5C-2DD0909C9184}"
EndProject
Project("{2150E333-8FDC-42A3-9474-1A3956D46DE8}") = "Host", "Host", "{7226ABEA-787E-1D09-10EA-A2ECF996D6A6}"
EndProject
Project("{FAE04EC0-301F-11D3-BF4B-00C04F79EFBC}") = "CoffeeShop.Host.BackOffice", "Host\CoffeeShop.Host.BackOffice\CoffeeShop.Host.BackOffice.csproj", "{E6116066-9E7F-44B7-903E-37E5F385CC22}"
EndProject
Project("{2150E333-8FDC-42A3-9474-1A3956D46DE8}") = "Migrations", "Migrations", "{D4C4D1C2-DE9C-AF20-17FD-0A3EB2BFD436}"
EndProject
Project("{FAE04EC0-301F-11D3-BF4B-00C04F79EFBC}") = "CoffeeShop.Migration", "Migrations\CoffeeShop.Migration\CoffeeShop.Migration.csproj", "{0DC47339-CF37-4ABB-9CA4-7C69DBE23E14}"
EndProject
Project("{2150E333-8FDC-42A3-9474-1A3956D46DE8}") = "BuildingBlocks", "BuildingBlocks", "{7266C4A9-E384-DC00-0EB6-47F6002CFBA7}"
EndProject
Project("{FAE04EC0-301F-11D3-BF4B-00C04F79EFBC}") = "CoffeeShop.EF", "BuildingBlocks\CoffeeShop.EF\CoffeeShop.EF.csproj", "{89DFE98D-AE44-458A-8E27-BCC4F4D91CB2}"
EndProject
Project("{FAE04EC0-301F-11D3-BF4B-00C04F79EFBC}") = "CoffeeShop.Domain.Shared", "BuildingBlocks\CoffeeShop.Domain.Shared\CoffeeShop.Domain.Shared.csproj", "{2D78962D-2313-4F14-8B1E-8439E3E0DBF5}"
EndProject
Project("{FAE04EC0-301F-11D3-BF4B-00C04F79EFBC}") = "CoffeeShop.Infrastructure.Shared", "BuildingBlocks\CoffeeShop.Infrastructure.Shared\CoffeeShop.Infrastructure.Shared.csproj", "{58DA1864-BAFA-4177-8155-D265E25F048C}"
EndProject
Project("{FAE04EC0-301F-11D3-BF4B-00C04F79EFBC}") = "CoffeeShop.Model.Dto.Shared", "BuildingBlocks\CoffeeShop.Model.Dto.Shared\CoffeeShop.Model.Dto.Shared.csproj", "{4FB547E3-74CD-4E36-AF8D-0426C6F84591}"
EndProject
Project("{FAE04EC0-301F-11D3-BF4B-00C04F79EFBC}") = "CoffeeShop.Presentation.Shared", "BuildingBlocks\CoffeeShop.Presentation.Shared\CoffeeShop.Presentation.Shared.csproj", "{7CFBCD65-A1F3-4BD2-847E-2AD9CEA16194}"
EndProject
Project("{FAE04EC0-301F-11D3-BF4B-00C04F79EFBC}") = "CoffeeShop.Shared", "BuildingBlocks\CoffeeShop.Shared\CoffeeShop.Shared.csproj", "{5725BB03-F2C0-4574-A80C-39836F6ED109}"
EndProject
Project("{FAE04EC0-301F-11D3-BF4B-00C04F79EFBC}") = "CoffeeShop.UnitOfWork", "BuildingBlocks\CoffeeShop.UnitOfWork\CoffeeShop.UnitOfWork.csproj", "{09BA1EBD-16D1-4217-A337-CA13D3350C91}"
EndProject
Project("{FAE04EC0-301F-11D3-BF4B-00C04F79EFBC}") = "CoffeeShop.Utilities", "BuildingBlocks\CoffeeShop.Utilities\CoffeeShop.Utilities.csproj", "{B9E5C5AB-A4C4-48F3-8886-5A7D82710543}"
EndProject
Global
	GlobalSection(SolutionConfigurationPlatforms) = preSolution
		Debug|Any CPU = Debug|Any CPU
		Debug|x64 = Debug|x64
		Debug|x86 = Debug|x86
		Release|Any CPU = Release|Any CPU
		Release|x64 = Release|x64
		Release|x86 = Release|x86
	EndGlobalSection
	GlobalSection(ProjectConfigurationPlatforms) = postSolution
		{3744AE9A-21DC-4857-AD36-DD0C46F1DBE7}.Debug|Any CPU.ActiveCfg = Debug|Any CPU
		{3744AE9A-21DC-4857-AD36-DD0C46F1DBE7}.Debug|Any CPU.Build.0 = Debug|Any CPU
		{3744AE9A-21DC-4857-AD36-DD0C46F1DBE7}.Debug|x64.ActiveCfg = Debug|Any CPU
		{3744AE9A-21DC-4857-AD36-DD0C46F1DBE7}.Debug|x64.Build.0 = Debug|Any CPU
		{3744AE9A-21DC-4857-AD36-DD0C46F1DBE7}.Debug|x86.ActiveCfg = Debug|Any CPU
		{3744AE9A-21DC-4857-AD36-DD0C46F1DBE7}.Debug|x86.Build.0 = Debug|Any CPU
		{3744AE9A-21DC-4857-AD36-DD0C46F1DBE7}.Release|Any CPU.ActiveCfg = Release|Any CPU
		{3744AE9A-21DC-4857-AD36-DD0C46F1DBE7}.Release|Any CPU.Build.0 = Release|Any CPU
		{3744AE9A-21DC-4857-AD36-DD0C46F1DBE7}.Release|x64.ActiveCfg = Release|Any CPU
		{3744AE9A-21DC-4857-AD36-DD0C46F1DBE7}.Release|x64.Build.0 = Release|Any CPU
		{3744AE9A-21DC-4857-AD36-DD0C46F1DBE7}.Release|x86.ActiveCfg = Release|Any CPU
		{3744AE9A-21DC-4857-AD36-DD0C46F1DBE7}.Release|x86.Build.0 = Release|Any CPU
		{65859A2D-95A5-4BD1-A766-99143A0BA7E2}.Debug|Any CPU.ActiveCfg = Debug|Any CPU
		{65859A2D-95A5-4BD1-A766-99143A0BA7E2}.Debug|Any CPU.Build.0 = Debug|Any CPU
		{65859A2D-95A5-4BD1-A766-99143A0BA7E2}.Debug|x64.ActiveCfg = Debug|Any CPU
		{65859A2D-95A5-4BD1-A766-99143A0BA7E2}.Debug|x64.Build.0 = Debug|Any CPU
		{65859A2D-95A5-4BD1-A766-99143A0BA7E2}.Debug|x86.ActiveCfg = Debug|Any CPU
		{65859A2D-95A5-4BD1-A766-99143A0BA7E2}.Debug|x86.Build.0 = Debug|Any CPU
		{65859A2D-95A5-4BD1-A766-99143A0BA7E2}.Release|Any CPU.ActiveCfg = Release|Any CPU
		{65859A2D-95A5-4BD1-A766-99143A0BA7E2}.Release|Any CPU.Build.0 = Release|Any CPU
		{65859A2D-95A5-4BD1-A766-99143A0BA7E2}.Release|x64.ActiveCfg = Release|Any CPU
		{65859A2D-95A5-4BD1-A766-99143A0BA7E2}.Release|x64.Build.0 = Release|Any CPU
		{65859A2D-95A5-4BD1-A766-99143A0BA7E2}.Release|x86.ActiveCfg = Release|Any CPU
		{65859A2D-95A5-4BD1-A766-99143A0BA7E2}.Release|x86.Build.0 = Release|Any CPU
		{A18CCF01-560A-4906-8E19-AC7E5216F73C}.Debug|Any CPU.ActiveCfg = Debug|Any CPU
		{A18CCF01-560A-4906-8E19-AC7E5216F73C}.Debug|Any CPU.Build.0 = Debug|Any CPU
		{A18CCF01-560A-4906-8E19-AC7E5216F73C}.Debug|x64.ActiveCfg = Debug|Any CPU
		{A18CCF01-560A-4906-8E19-AC7E5216F73C}.Debug|x64.Build.0 = Debug|Any CPU
		{A18CCF01-560A-4906-8E19-AC7E5216F73C}.Debug|x86.ActiveCfg = Debug|Any CPU
		{A18CCF01-560A-4906-8E19-AC7E5216F73C}.Debug|x86.Build.0 = Debug|Any CPU
		{A18CCF01-560A-4906-8E19-AC7E5216F73C}.Release|Any CPU.ActiveCfg = Release|Any CPU
		{A18CCF01-560A-4906-8E19-AC7E5216F73C}.Release|Any CPU.Build.0 = Release|Any CPU
		{A18CCF01-560A-4906-8E19-AC7E5216F73C}.Release|x64.ActiveCfg = Release|Any CPU
		{A18CCF01-560A-4906-8E19-AC7E5216F73C}.Release|x64.Build.0 = Release|Any CPU
		{A18CCF01-560A-4906-8E19-AC7E5216F73C}.Release|x86.ActiveCfg = Release|Any CPU
		{A18CCF01-560A-4906-8E19-AC7E5216F73C}.Release|x86.Build.0 = Release|Any CPU
		{BA005145-8340-46F7-A3C7-BC02309795A2}.Debug|Any CPU.ActiveCfg = Debug|Any CPU
		{BA005145-8340-46F7-A3C7-BC02309795A2}.Debug|Any CPU.Build.0 = Debug|Any CPU
		{BA005145-8340-46F7-A3C7-BC02309795A2}.Debug|x64.ActiveCfg = Debug|Any CPU
		{BA005145-8340-46F7-A3C7-BC02309795A2}.Debug|x64.Build.0 = Debug|Any CPU
		{BA005145-8340-46F7-A3C7-BC02309795A2}.Debug|x86.ActiveCfg = Debug|Any CPU
		{BA005145-8340-46F7-A3C7-BC02309795A2}.Debug|x86.Build.0 = Debug|Any CPU
		{BA005145-8340-46F7-A3C7-BC02309795A2}.Release|Any CPU.ActiveCfg = Release|Any CPU
		{BA005145-8340-46F7-A3C7-BC02309795A2}.Release|Any CPU.Build.0 = Release|Any CPU
		{BA005145-8340-46F7-A3C7-BC02309795A2}.Release|x64.ActiveCfg = Release|Any CPU
		{BA005145-8340-46F7-A3C7-BC02309795A2}.Release|x64.Build.0 = Release|Any CPU
		{BA005145-8340-46F7-A3C7-BC02309795A2}.Release|x86.ActiveCfg = Release|Any CPU
		{BA005145-8340-46F7-A3C7-BC02309795A2}.Release|x86.Build.0 = Release|Any CPU
		{2C62A109-D366-4D17-B43B-A9496EE5424C}.Debug|Any CPU.ActiveCfg = Debug|Any CPU
		{2C62A109-D366-4D17-B43B-A9496EE5424C}.Debug|Any CPU.Build.0 = Debug|Any CPU
		{2C62A109-D366-4D17-B43B-A9496EE5424C}.Debug|x64.ActiveCfg = Debug|Any CPU
		{2C62A109-D366-4D17-B43B-A9496EE5424C}.Debug|x64.Build.0 = Debug|Any CPU
		{2C62A109-D366-4D17-B43B-A9496EE5424C}.Debug|x86.ActiveCfg = Debug|Any CPU
		{2C62A109-D366-4D17-B43B-A9496EE5424C}.Debug|x86.Build.0 = Debug|Any CPU
		{2C62A109-D366-4D17-B43B-A9496EE5424C}.Release|Any CPU.ActiveCfg = Release|Any CPU
		{2C62A109-D366-4D17-B43B-A9496EE5424C}.Release|Any CPU.Build.0 = Release|Any CPU
		{2C62A109-D366-4D17-B43B-A9496EE5424C}.Release|x64.ActiveCfg = Release|Any CPU
		{2C62A109-D366-4D17-B43B-A9496EE5424C}.Release|x64.Build.0 = Release|Any CPU
		{2C62A109-D366-4D17-B43B-A9496EE5424C}.Release|x86.ActiveCfg = Release|Any CPU
		{2C62A109-D366-4D17-B43B-A9496EE5424C}.Release|x86.Build.0 = Release|Any CPU
		{BBE481FD-57ED-46F0-B1B0-E1FE67A1BCD2}.Debug|Any CPU.ActiveCfg = Debug|Any CPU
		{BBE481FD-57ED-46F0-B1B0-E1FE67A1BCD2}.Debug|Any CPU.Build.0 = Debug|Any CPU
		{BBE481FD-57ED-46F0-B1B0-E1FE67A1BCD2}.Debug|x64.ActiveCfg = Debug|Any CPU
		{BBE481FD-57ED-46F0-B1B0-E1FE67A1BCD2}.Debug|x64.Build.0 = Debug|Any CPU
		{BBE481FD-57ED-46F0-B1B0-E1FE67A1BCD2}.Debug|x86.ActiveCfg = Debug|Any CPU
		{BBE481FD-57ED-46F0-B1B0-E1FE67A1BCD2}.Debug|x86.Build.0 = Debug|Any CPU
		{BBE481FD-57ED-46F0-B1B0-E1FE67A1BCD2}.Release|Any CPU.ActiveCfg = Release|Any CPU
		{BBE481FD-57ED-46F0-B1B0-E1FE67A1BCD2}.Release|Any CPU.Build.0 = Release|Any CPU
		{BBE481FD-57ED-46F0-B1B0-E1FE67A1BCD2}.Release|x64.ActiveCfg = Release|Any CPU
		{BBE481FD-57ED-46F0-B1B0-E1FE67A1BCD2}.Release|x64.Build.0 = Release|Any CPU
		{BBE481FD-57ED-46F0-B1B0-E1FE67A1BCD2}.Release|x86.ActiveCfg = Release|Any CPU
		{BBE481FD-57ED-46F0-B1B0-E1FE67A1BCD2}.Release|x86.Build.0 = Release|Any CPU
		{BDE9FDBD-BAA7-4E60-B8FC-CC4B32495A59}.Debug|Any CPU.ActiveCfg = Debug|Any CPU
		{BDE9FDBD-BAA7-4E60-B8FC-CC4B32495A59}.Debug|Any CPU.Build.0 = Debug|Any CPU
		{BDE9FDBD-BAA7-4E60-B8FC-CC4B32495A59}.Debug|x64.ActiveCfg = Debug|Any CPU
		{BDE9FDBD-BAA7-4E60-B8FC-CC4B32495A59}.Debug|x64.Build.0 = Debug|Any CPU
		{BDE9FDBD-BAA7-4E60-B8FC-CC4B32495A59}.Debug|x86.ActiveCfg = Debug|Any CPU
		{BDE9FDBD-BAA7-4E60-B8FC-CC4B32495A59}.Debug|x86.Build.0 = Debug|Any CPU
		{BDE9FDBD-BAA7-4E60-B8FC-CC4B32495A59}.Release|Any CPU.ActiveCfg = Release|Any CPU
		{BDE9FDBD-BAA7-4E60-B8FC-CC4B32495A59}.Release|Any CPU.Build.0 = Release|Any CPU
		{BDE9FDBD-BAA7-4E60-B8FC-CC4B32495A59}.Release|x64.ActiveCfg = Release|Any CPU
		{BDE9FDBD-BAA7-4E60-B8FC-CC4B32495A59}.Release|x64.Build.0 = Release|Any CPU
		{BDE9FDBD-BAA7-4E60-B8FC-CC4B32495A59}.Release|x86.ActiveCfg = Release|Any CPU
		{BDE9FDBD-BAA7-4E60-B8FC-CC4B32495A59}.Release|x86.Build.0 = Release|Any CPU
		{BF162D18-FE67-4551-B954-709D19B0A06E}.Debug|Any CPU.ActiveCfg = Debug|Any CPU
		{BF162D18-FE67-4551-B954-709D19B0A06E}.Debug|Any CPU.Build.0 = Debug|Any CPU
		{BF162D18-FE67-4551-B954-709D19B0A06E}.Debug|x64.ActiveCfg = Debug|Any CPU
		{BF162D18-FE67-4551-B954-709D19B0A06E}.Debug|x64.Build.0 = Debug|Any CPU
		{BF162D18-FE67-4551-B954-709D19B0A06E}.Debug|x86.ActiveCfg = Debug|Any CPU
		{BF162D18-FE67-4551-B954-709D19B0A06E}.Debug|x86.Build.0 = Debug|Any CPU
		{BF162D18-FE67-4551-B954-709D19B0A06E}.Release|Any CPU.ActiveCfg = Release|Any CPU
		{BF162D18-FE67-4551-B954-709D19B0A06E}.Release|Any CPU.Build.0 = Release|Any CPU
		{BF162D18-FE67-4551-B954-709D19B0A06E}.Release|x64.ActiveCfg = Release|Any CPU
		{BF162D18-FE67-4551-B954-709D19B0A06E}.Release|x64.Build.0 = Release|Any CPU
		{BF162D18-FE67-4551-B954-709D19B0A06E}.Release|x86.ActiveCfg = Release|Any CPU
		{BF162D18-FE67-4551-B954-709D19B0A06E}.Release|x86.Build.0 = Release|Any CPU
		{B1827C63-D67A-4166-8702-5E8F7B89284A}.Debug|Any CPU.ActiveCfg = Debug|Any CPU
		{B1827C63-D67A-4166-8702-5E8F7B89284A}.Debug|Any CPU.Build.0 = Debug|Any CPU
		{B1827C63-D67A-4166-8702-5E8F7B89284A}.Debug|x64.ActiveCfg = Debug|Any CPU
		{B1827C63-D67A-4166-8702-5E8F7B89284A}.Debug|x64.Build.0 = Debug|Any CPU
		{B1827C63-D67A-4166-8702-5E8F7B89284A}.Debug|x86.ActiveCfg = Debug|Any CPU
		{B1827C63-D67A-4166-8702-5E8F7B89284A}.Debug|x86.Build.0 = Debug|Any CPU
		{B1827C63-D67A-4166-8702-5E8F7B89284A}.Release|Any CPU.ActiveCfg = Release|Any CPU
		{B1827C63-D67A-4166-8702-5E8F7B89284A}.Release|Any CPU.Build.0 = Release|Any CPU
		{B1827C63-D67A-4166-8702-5E8F7B89284A}.Release|x64.ActiveCfg = Release|Any CPU
		{B1827C63-D67A-4166-8702-5E8F7B89284A}.Release|x64.Build.0 = Release|Any CPU
		{B1827C63-D67A-4166-8702-5E8F7B89284A}.Release|x86.ActiveCfg = Release|Any CPU
		{B1827C63-D67A-4166-8702-5E8F7B89284A}.Release|x86.Build.0 = Release|Any CPU
		{FCBD0788-2307-4DAD-AB7C-8BCB44079BA9}.Debug|Any CPU.ActiveCfg = Debug|Any CPU
		{FCBD0788-2307-4DAD-AB7C-8BCB44079BA9}.Debug|Any CPU.Build.0 = Debug|Any CPU
		{FCBD0788-2307-4DAD-AB7C-8BCB44079BA9}.Debug|x64.ActiveCfg = Debug|Any CPU
		{FCBD0788-2307-4DAD-AB7C-8BCB44079BA9}.Debug|x64.Build.0 = Debug|Any CPU
		{FCBD0788-2307-4DAD-AB7C-8BCB44079BA9}.Debug|x86.ActiveCfg = Debug|Any CPU
		{FCBD0788-2307-4DAD-AB7C-8BCB44079BA9}.Debug|x86.Build.0 = Debug|Any CPU
		{FCBD0788-2307-4DAD-AB7C-8BCB44079BA9}.Release|Any CPU.ActiveCfg = Release|Any CPU
		{FCBD0788-2307-4DAD-AB7C-8BCB44079BA9}.Release|Any CPU.Build.0 = Release|Any CPU
		{FCBD0788-2307-4DAD-AB7C-8BCB44079BA9}.Release|x64.ActiveCfg = Release|Any CPU
		{FCBD0788-2307-4DAD-AB7C-8BCB44079BA9}.Release|x64.Build.0 = Release|Any CPU
		{FCBD0788-2307-4DAD-AB7C-8BCB44079BA9}.Release|x86.ActiveCfg = Release|Any CPU
		{FCBD0788-2307-4DAD-AB7C-8BCB44079BA9}.Release|x86.Build.0 = Release|Any CPU
		{769DC44F-E55E-40BC-BC5C-2DD0909C9184}.Debug|Any CPU.ActiveCfg = Debug|Any CPU
		{769DC44F-E55E-40BC-BC5C-2DD0909C9184}.Debug|Any CPU.Build.0 = Debug|Any CPU
		{769DC44F-E55E-40BC-BC5C-2DD0909C9184}.Debug|x64.ActiveCfg = Debug|Any CPU
		{769DC44F-E55E-40BC-BC5C-2DD0909C9184}.Debug|x64.Build.0 = Debug|Any CPU
		{769DC44F-E55E-40BC-BC5C-2DD0909C9184}.Debug|x86.ActiveCfg = Debug|Any CPU
		{769DC44F-E55E-40BC-BC5C-2DD0909C9184}.Debug|x86.Build.0 = Debug|Any CPU
		{769DC44F-E55E-40BC-BC5C-2DD0909C9184}.Release|Any CPU.ActiveCfg = Release|Any CPU
		{769DC44F-E55E-40BC-BC5C-2DD0909C9184}.Release|Any CPU.Build.0 = Release|Any CPU
		{769DC44F-E55E-40BC-BC5C-2DD0909C9184}.Release|x64.ActiveCfg = Release|Any CPU
		{769DC44F-E55E-40BC-BC5C-2DD0909C9184}.Release|x64.Build.0 = Release|Any CPU
		{769DC44F-E55E-40BC-BC5C-2DD0909C9184}.Release|x86.ActiveCfg = Release|Any CPU
		{769DC44F-E55E-40BC-BC5C-2DD0909C9184}.Release|x86.Build.0 = Release|Any CPU
		{E6116066-9E7F-44B7-903E-37E5F385CC22}.Debug|Any CPU.ActiveCfg = Debug|Any CPU
		{E6116066-9E7F-44B7-903E-37E5F385CC22}.Debug|Any CPU.Build.0 = Debug|Any CPU
		{E6116066-9E7F-44B7-903E-37E5F385CC22}.Debug|x64.ActiveCfg = Debug|Any CPU
		{E6116066-9E7F-44B7-903E-37E5F385CC22}.Debug|x64.Build.0 = Debug|Any CPU
		{E6116066-9E7F-44B7-903E-37E5F385CC22}.Debug|x86.ActiveCfg = Debug|Any CPU
		{E6116066-9E7F-44B7-903E-37E5F385CC22}.Debug|x86.Build.0 = Debug|Any CPU
		{E6116066-9E7F-44B7-903E-37E5F385CC22}.Release|Any CPU.ActiveCfg = Release|Any CPU
		{E6116066-9E7F-44B7-903E-37E5F385CC22}.Release|Any CPU.Build.0 = Release|Any CPU
		{E6116066-9E7F-44B7-903E-37E5F385CC22}.Release|x64.ActiveCfg = Release|Any CPU
		{E6116066-9E7F-44B7-903E-37E5F385CC22}.Release|x64.Build.0 = Release|Any CPU
		{E6116066-9E7F-44B7-903E-37E5F385CC22}.Release|x86.ActiveCfg = Release|Any CPU
		{E6116066-9E7F-44B7-903E-37E5F385CC22}.Release|x86.Build.0 = Release|Any CPU
		{0DC47339-CF37-4ABB-9CA4-7C69DBE23E14}.Debug|Any CPU.ActiveCfg = Debug|Any CPU
		{0DC47339-CF37-4ABB-9CA4-7C69DBE23E14}.Debug|Any CPU.Build.0 = Debug|Any CPU
		{0DC47339-CF37-4ABB-9CA4-7C69DBE23E14}.Debug|x64.ActiveCfg = Debug|Any CPU
		{0DC47339-CF37-4ABB-9CA4-7C69DBE23E14}.Debug|x64.Build.0 = Debug|Any CPU
		{0DC47339-CF37-4ABB-9CA4-7C69DBE23E14}.Debug|x86.ActiveCfg = Debug|Any CPU
		{0DC47339-CF37-4ABB-9CA4-7C69DBE23E14}.Debug|x86.Build.0 = Debug|Any CPU
		{0DC47339-CF37-4ABB-9CA4-7C69DBE23E14}.Release|Any CPU.ActiveCfg = Release|Any CPU
		{0DC47339-CF37-4ABB-9CA4-7C69DBE23E14}.Release|Any CPU.Build.0 = Release|Any CPU
		{0DC47339-CF37-4ABB-9CA4-7C69DBE23E14}.Release|x64.ActiveCfg = Release|Any CPU
		{0DC47339-CF37-4ABB-9CA4-7C69DBE23E14}.Release|x64.Build.0 = Release|Any CPU
		{0DC47339-CF37-4ABB-9CA4-7C69DBE23E14}.Release|x86.ActiveCfg = Release|Any CPU
		{0DC47339-CF37-4ABB-9CA4-7C69DBE23E14}.Release|x86.Build.0 = Release|Any CPU
		{89DFE98D-AE44-458A-8E27-BCC4F4D91CB2}.Debug|Any CPU.ActiveCfg = Debug|Any CPU
		{89DFE98D-AE44-458A-8E27-BCC4F4D91CB2}.Debug|Any CPU.Build.0 = Debug|Any CPU
		{89DFE98D-AE44-458A-8E27-BCC4F4D91CB2}.Debug|x64.ActiveCfg = Debug|Any CPU
		{89DFE98D-AE44-458A-8E27-BCC4F4D91CB2}.Debug|x64.Build.0 = Debug|Any CPU
		{89DFE98D-AE44-458A-8E27-BCC4F4D91CB2}.Debug|x86.ActiveCfg = Debug|Any CPU
		{89DFE98D-AE44-458A-8E27-BCC4F4D91CB2}.Debug|x86.Build.0 = Debug|Any CPU
		{89DFE98D-AE44-458A-8E27-BCC4F4D91CB2}.Release|Any CPU.ActiveCfg = Release|Any CPU
		{89DFE98D-AE44-458A-8E27-BCC4F4D91CB2}.Release|Any CPU.Build.0 = Release|Any CPU
		{89DFE98D-AE44-458A-8E27-BCC4F4D91CB2}.Release|x64.ActiveCfg = Release|Any CPU
		{89DFE98D-AE44-458A-8E27-BCC4F4D91CB2}.Release|x64.Build.0 = Release|Any CPU
		{89DFE98D-AE44-458A-8E27-BCC4F4D91CB2}.Release|x86.ActiveCfg = Release|Any CPU
		{89DFE98D-AE44-458A-8E27-BCC4F4D91CB2}.Release|x86.Build.0 = Release|Any CPU
		{2D78962D-2313-4F14-8B1E-8439E3E0DBF5}.Debug|Any CPU.ActiveCfg = Debug|Any CPU
		{2D78962D-2313-4F14-8B1E-8439E3E0DBF5}.Debug|Any CPU.Build.0 = Debug|Any CPU
		{2D78962D-2313-4F14-8B1E-8439E3E0DBF5}.Debug|x64.ActiveCfg = Debug|Any CPU
		{2D78962D-2313-4F14-8B1E-8439E3E0DBF5}.Debug|x64.Build.0 = Debug|Any CPU
		{2D78962D-2313-4F14-8B1E-8439E3E0DBF5}.Debug|x86.ActiveCfg = Debug|Any CPU
		{2D78962D-2313-4F14-8B1E-8439E3E0DBF5}.Debug|x86.Build.0 = Debug|Any CPU
		{2D78962D-2313-4F14-8B1E-8439E3E0DBF5}.Release|Any CPU.ActiveCfg = Release|Any CPU
		{2D78962D-2313-4F14-8B1E-8439E3E0DBF5}.Release|Any CPU.Build.0 = Release|Any CPU
		{2D78962D-2313-4F14-8B1E-8439E3E0DBF5}.Release|x64.ActiveCfg = Release|Any CPU
		{2D78962D-2313-4F14-8B1E-8439E3E0DBF5}.Release|x64.Build.0 = Release|Any CPU
		{2D78962D-2313-4F14-8B1E-8439E3E0DBF5}.Release|x86.ActiveCfg = Release|Any CPU
		{2D78962D-2313-4F14-8B1E-8439E3E0DBF5}.Release|x86.Build.0 = Release|Any CPU
		{58DA1864-BAFA-4177-8155-D265E25F048C}.Debug|Any CPU.ActiveCfg = Debug|Any CPU
		{58DA1864-BAFA-4177-8155-D265E25F048C}.Debug|Any CPU.Build.0 = Debug|Any CPU
		{58DA1864-BAFA-4177-8155-D265E25F048C}.Debug|x64.ActiveCfg = Debug|Any CPU
		{58DA1864-BAFA-4177-8155-D265E25F048C}.Debug|x64.Build.0 = Debug|Any CPU
		{58DA1864-BAFA-4177-8155-D265E25F048C}.Debug|x86.ActiveCfg = Debug|Any CPU
		{58DA1864-BAFA-4177-8155-D265E25F048C}.Debug|x86.Build.0 = Debug|Any CPU
		{58DA1864-BAFA-4177-8155-D265E25F048C}.Release|Any CPU.ActiveCfg = Release|Any CPU
		{58DA1864-BAFA-4177-8155-D265E25F048C}.Release|Any CPU.Build.0 = Release|Any CPU
		{58DA1864-BAFA-4177-8155-D265E25F048C}.Release|x64.ActiveCfg = Release|Any CPU
		{58DA1864-BAFA-4177-8155-D265E25F048C}.Release|x64.Build.0 = Release|Any CPU
		{58DA1864-BAFA-4177-8155-D265E25F048C}.Release|x86.ActiveCfg = Release|Any CPU
		{58DA1864-BAFA-4177-8155-D265E25F048C}.Release|x86.Build.0 = Release|Any CPU
		{4FB547E3-74CD-4E36-AF8D-0426C6F84591}.Debug|Any CPU.ActiveCfg = Debug|Any CPU
		{4FB547E3-74CD-4E36-AF8D-0426C6F84591}.Debug|Any CPU.Build.0 = Debug|Any CPU
		{4FB547E3-74CD-4E36-AF8D-0426C6F84591}.Debug|x64.ActiveCfg = Debug|Any CPU
		{4FB547E3-74CD-4E36-AF8D-0426C6F84591}.Debug|x64.Build.0 = Debug|Any CPU
		{4FB547E3-74CD-4E36-AF8D-0426C6F84591}.Debug|x86.ActiveCfg = Debug|Any CPU
		{4FB547E3-74CD-4E36-AF8D-0426C6F84591}.Debug|x86.Build.0 = Debug|Any CPU
		{4FB547E3-74CD-4E36-AF8D-0426C6F84591}.Release|Any CPU.ActiveCfg = Release|Any CPU
		{4FB547E3-74CD-4E36-AF8D-0426C6F84591}.Release|Any CPU.Build.0 = Release|Any CPU
		{4FB547E3-74CD-4E36-AF8D-0426C6F84591}.Release|x64.ActiveCfg = Release|Any CPU
		{4FB547E3-74CD-4E36-AF8D-0426C6F84591}.Release|x64.Build.0 = Release|Any CPU
		{4FB547E3-74CD-4E36-AF8D-0426C6F84591}.Release|x86.ActiveCfg = Release|Any CPU
		{4FB547E3-74CD-4E36-AF8D-0426C6F84591}.Release|x86.Build.0 = Release|Any CPU
		{7CFBCD65-A1F3-4BD2-847E-2AD9CEA16194}.Debug|Any CPU.ActiveCfg = Debug|Any CPU
		{7CFBCD65-A1F3-4BD2-847E-2AD9CEA16194}.Debug|Any CPU.Build.0 = Debug|Any CPU
		{7CFBCD65-A1F3-4BD2-847E-2AD9CEA16194}.Debug|x64.ActiveCfg = Debug|Any CPU
		{7CFBCD65-A1F3-4BD2-847E-2AD9CEA16194}.Debug|x64.Build.0 = Debug|Any CPU
		{7CFBCD65-A1F3-4BD2-847E-2AD9CEA16194}.Debug|x86.ActiveCfg = Debug|Any CPU
		{7CFBCD65-A1F3-4BD2-847E-2AD9CEA16194}.Debug|x86.Build.0 = Debug|Any CPU
		{7CFBCD65-A1F3-4BD2-847E-2AD9CEA16194}.Release|Any CPU.ActiveCfg = Release|Any CPU
		{7CFBCD65-A1F3-4BD2-847E-2AD9CEA16194}.Release|Any CPU.Build.0 = Release|Any CPU
		{7CFBCD65-A1F3-4BD2-847E-2AD9CEA16194}.Release|x64.ActiveCfg = Release|Any CPU
		{7CFBCD65-A1F3-4BD2-847E-2AD9CEA16194}.Release|x64.Build.0 = Release|Any CPU
		{7CFBCD65-A1F3-4BD2-847E-2AD9CEA16194}.Release|x86.ActiveCfg = Release|Any CPU
		{7CFBCD65-A1F3-4BD2-847E-2AD9CEA16194}.Release|x86.Build.0 = Release|Any CPU
		{5725BB03-F2C0-4574-A80C-39836F6ED109}.Debug|Any CPU.ActiveCfg = Debug|Any CPU
		{5725BB03-F2C0-4574-A80C-39836F6ED109}.Debug|Any CPU.Build.0 = Debug|Any CPU
		{5725BB03-F2C0-4574-A80C-39836F6ED109}.Debug|x64.ActiveCfg = Debug|Any CPU
		{5725BB03-F2C0-4574-A80C-39836F6ED109}.Debug|x64.Build.0 = Debug|Any CPU
		{5725BB03-F2C0-4574-A80C-39836F6ED109}.Debug|x86.ActiveCfg = Debug|Any CPU
		{5725BB03-F2C0-4574-A80C-39836F6ED109}.Debug|x86.Build.0 = Debug|Any CPU
		{5725BB03-F2C0-4574-A80C-39836F6ED109}.Release|Any CPU.ActiveCfg = Release|Any CPU
		{5725BB03-F2C0-4574-A80C-39836F6ED109}.Release|Any CPU.Build.0 = Release|Any CPU
		{5725BB03-F2C0-4574-A80C-39836F6ED109}.Release|x64.ActiveCfg = Release|Any CPU
		{5725BB03-F2C0-4574-A80C-39836F6ED109}.Release|x64.Build.0 = Release|Any CPU
		{5725BB03-F2C0-4574-A80C-39836F6ED109}.Release|x86.ActiveCfg = Release|Any CPU
		{5725BB03-F2C0-4574-A80C-39836F6ED109}.Release|x86.Build.0 = Release|Any CPU
		{09BA1EBD-16D1-4217-A337-CA13D3350C91}.Debug|Any CPU.ActiveCfg = Debug|Any CPU
		{09BA1EBD-16D1-4217-A337-CA13D3350C91}.Debug|Any CPU.Build.0 = Debug|Any CPU
		{09BA1EBD-16D1-4217-A337-CA13D3350C91}.Debug|x64.ActiveCfg = Debug|Any CPU
		{09BA1EBD-16D1-4217-A337-CA13D3350C91}.Debug|x64.Build.0 = Debug|Any CPU
		{09BA1EBD-16D1-4217-A337-CA13D3350C91}.Debug|x86.ActiveCfg = Debug|Any CPU
		{09BA1EBD-16D1-4217-A337-CA13D3350C91}.Debug|x86.Build.0 = Debug|Any CPU
		{09BA1EBD-16D1-4217-A337-CA13D3350C91}.Release|Any CPU.ActiveCfg = Release|Any CPU
		{09BA1EBD-16D1-4217-A337-CA13D3350C91}.Release|Any CPU.Build.0 = Release|Any CPU
		{09BA1EBD-16D1-4217-A337-CA13D3350C91}.Release|x64.ActiveCfg = Release|Any CPU
		{09BA1EBD-16D1-4217-A337-CA13D3350C91}.Release|x64.Build.0 = Release|Any CPU
		{09BA1EBD-16D1-4217-A337-CA13D3350C91}.Release|x86.ActiveCfg = Release|Any CPU
		{09BA1EBD-16D1-4217-A337-CA13D3350C91}.Release|x86.Build.0 = Release|Any CPU
		{B9E5C5AB-A4C4-48F3-8886-5A7D82710543}.Debug|Any CPU.ActiveCfg = Debug|Any CPU
		{B9E5C5AB-A4C4-48F3-8886-5A7D82710543}.Debug|Any CPU.Build.0 = Debug|Any CPU
		{B9E5C5AB-A4C4-48F3-8886-5A7D82710543}.Debug|x64.ActiveCfg = Debug|Any CPU
		{B9E5C5AB-A4C4-48F3-8886-5A7D82710543}.Debug|x64.Build.0 = Debug|Any CPU
		{B9E5C5AB-A4C4-48F3-8886-5A7D82710543}.Debug|x86.ActiveCfg = Debug|Any CPU
		{B9E5C5AB-A4C4-48F3-8886-5A7D82710543}.Debug|x86.Build.0 = Debug|Any CPU
		{B9E5C5AB-A4C4-48F3-8886-5A7D82710543}.Release|Any CPU.ActiveCfg = Release|Any CPU
		{B9E5C5AB-A4C4-48F3-8886-5A7D82710543}.Release|Any CPU.Build.0 = Release|Any CPU
		{B9E5C5AB-A4C4-48F3-8886-5A7D82710543}.Release|x64.ActiveCfg = Release|Any CPU
		{B9E5C5AB-A4C4-48F3-8886-5A7D82710543}.Release|x64.Build.0 = Release|Any CPU
		{B9E5C5AB-A4C4-48F3-8886-5A7D82710543}.Release|x86.ActiveCfg = Release|Any CPU
		{B9E5C5AB-A4C4-48F3-8886-5A7D82710543}.Release|x86.Build.0 = Release|Any CPU
	EndGlobalSection
	GlobalSection(SolutionProperties) = preSolution
		HideSolutionNode = FALSE
	EndGlobalSection
	GlobalSection(NestedProjects) = preSolution
		{293C06CD-4E17-48BD-9F3B-B5ADDFFA9425} = {CA253913-39DE-BFD0-C9A3-4B7EC6FBDF17}
		{3744AE9A-21DC-4857-AD36-DD0C46F1DBE7} = {293C06CD-4E17-48BD-9F3B-B5ADDFFA9425}
		{65859A2D-95A5-4BD1-A766-99143A0BA7E2} = {293C06CD-4E17-48BD-9F3B-B5ADDFFA9425}
		{A18CCF01-560A-4906-8E19-AC7E5216F73C} = {293C06CD-4E17-48BD-9F3B-B5ADDFFA9425}
		{BA005145-8340-46F7-A3C7-BC02309795A2} = {293C06CD-4E17-48BD-9F3B-B5ADDFFA9425}
		{2C62A109-D366-4D17-B43B-A9496EE5424C} = {293C06CD-4E17-48BD-9F3B-B5ADDFFA9425}
		{BBE481FD-57ED-46F0-B1B0-E1FE67A1BCD2} = {293C06CD-4E17-48BD-9F3B-B5ADDFFA9425}
		{7722366E-FE2E-A4FD-1BAE-E6FCA61BE685} = {CA253913-39DE-BFD0-C9A3-4B7EC6FBDF17}
		{BDE9FDBD-BAA7-4E60-B8FC-CC4B32495A59} = {7722366E-FE2E-A4FD-1BAE-E6FCA61BE685}
		{BF162D18-FE67-4551-B954-709D19B0A06E} = {7722366E-FE2E-A4FD-1BAE-E6FCA61BE685}
		{B1827C63-D67A-4166-8702-5E8F7B89284A} = {7722366E-FE2E-A4FD-1BAE-E6FCA61BE685}
		{FCBD0788-2307-4DAD-AB7C-8BCB44079BA9} = {7722366E-FE2E-A4FD-1BAE-E6FCA61BE685}
		{769DC44F-E55E-40BC-BC5C-2DD0909C9184} = {7722366E-FE2E-A4FD-1BAE-E6FCA61BE685}
		{E6116066-9E7F-44B7-903E-37E5F385CC22} = {7226ABEA-787E-1D09-10EA-A2ECF996D6A6}
		{0DC47339-CF37-4ABB-9CA4-7C69DBE23E14} = {D4C4D1C2-DE9C-AF20-17FD-0A3EB2BFD436}
		{58DA1864-BAFA-4177-8155-D265E25F048C} = {7266C4A9-E384-DC00-0EB6-47F6002CFBA7}
		{4FB547E3-74CD-4E36-AF8D-0426C6F84591} = {7266C4A9-E384-DC00-0EB6-47F6002CFBA7}
		{7CFBCD65-A1F3-4BD2-847E-2AD9CEA16194} = {7266C4A9-E384-DC00-0EB6-47F6002CFBA7}
		{5725BB03-F2C0-4574-A80C-39836F6ED109} = {7266C4A9-E384-DC00-0EB6-47F6002CFBA7}
		{09BA1EBD-16D1-4217-A337-CA13D3350C91} = {7266C4A9-E384-DC00-0EB6-47F6002CFBA7}
		{B9E5C5AB-A4C4-48F3-8886-5A7D82710543} = {7266C4A9-E384-DC00-0EB6-47F6002CFBA7}
	EndGlobalSection
EndGlobal
